
Microsoft Visual Studio Solution File, Format Version 12.00
# Visual Studio 15
VisualStudioVersion = 15.0.27130.2010
MinimumVisualStudioVersion = 10.0.40219.1
Project("{9A19103F-16F7-4668-BE54-9A1E7A4F7556}") = "DAL.EF", "DAL.EF\DAL.EF.csproj", "{27680384-4F0C-46FC-9090-58FD5CC6D7A1}"
EndProject
Project("{9A19103F-16F7-4668-BE54-9A1E7A4F7556}") = "ToDo-Web-API", "ToDo-API\ToDo-Web-API.csproj", "{F7EAF467-10CF-45AB-8032-9061F0F66240}"
EndProject
Global
	GlobalSection(SolutionConfigurationPlatforms) = preSolution
		Debug|Any CPU = Debug|Any CPU
		Release|Any CPU = Release|Any CPU
	EndGlobalSection
	GlobalSection(ProjectConfigurationPlatforms) = postSolution
		{27680384-4F0C-46FC-9090-58FD5CC6D7A1}.Debug|Any CPU.ActiveCfg = Debug|Any CPU
		{27680384-4F0C-46FC-9090-58FD5CC6D7A1}.Debug|Any CPU.Build.0 = Debug|Any CPU
		{27680384-4F0C-46FC-9090-58FD5CC6D7A1}.Release|Any CPU.ActiveCfg = Release|Any CPU
		{27680384-4F0C-46FC-9090-58FD5CC6D7A1}.Release|Any CPU.Build.0 = Release|Any CPU
		{F7EAF467-10CF-45AB-8032-9061F0F66240}.Debug|Any CPU.ActiveCfg = Debug|Any CPU
		{F7EAF467-10CF-45AB-8032-9061F0F66240}.Debug|Any CPU.Build.0 = Debug|Any CPU
		{F7EAF467-10CF-45AB-8032-9061F0F66240}.Release|Any CPU.ActiveCfg = Release|Any CPU
		{F7EAF467-10CF-45AB-8032-9061F0F66240}.Release|Any CPU.Build.0 = Release|Any CPU
	EndGlobalSection
	GlobalSection(SolutionProperties) = preSolution
		HideSolutionNode = FALSE
	EndGlobalSection
	GlobalSection(ExtensibilityGlobals) = postSolution
		SolutionGuid = {EF767D52-ACC5-4B2E-A6C5-4A7B96DD7DFE}
	EndGlobalSection
EndGlobal
